
Microsoft Visual Studio Solution File, Format Version 12.00
# Visual Studio Version 17
VisualStudioVersion = 17.9.34728.123
MinimumVisualStudioVersion = 10.0.40219.1
Project("{FAE04EC0-301F-11D3-BF4B-00C04F79EFBC}") = "Trab3-MaiorIdade", "Trab3-MaiorIdade\Trab3-MaiorIdade.csproj", "{A3E5279B-0EE9-4830-BC4A-813AD1351C33}"
EndProject
Global
	GlobalSection(SolutionConfigurationPlatforms) = preSolution
		Debug|Any CPU = Debug|Any CPU
		Release|Any CPU = Release|Any CPU
	EndGlobalSection
	GlobalSection(ProjectConfigurationPlatforms) = postSolution
		{A3E5279B-0EE9-4830-BC4A-813AD1351C33}.Debug|Any CPU.ActiveCfg = Debug|Any CPU
		{A3E5279B-0EE9-4830-BC4A-813AD1351C33}.Debug|Any CPU.Build.0 = Debug|Any CPU
		{A3E5279B-0EE9-4830-BC4A-813AD1351C33}.Release|Any CPU.ActiveCfg = Release|Any CPU
		{A3E5279B-0EE9-4830-BC4A-813AD1351C33}.Release|Any CPU.Build.0 = Release|Any CPU
	EndGlobalSection
	GlobalSection(SolutionProperties) = preSolution
		HideSolutionNode = FALSE
	EndGlobalSection
	GlobalSection(ExtensibilityGlobals) = postSolution
		SolutionGuid = {56690F09-60AF-4772-BA78-2AB759E145D0}
	EndGlobalSection
EndGlobal
